{
    "_meta": {
        "hash": {
            "sha256": "60587dae4b085ec617832c086e8863e08ef53cbcce2a11915edd3d5f3b3b3ca3"
        },
        "pipfile-spec": 6,
        "requires": {
            "python_version": "3.12"
        },
        "sources": [
            {
                "name": "pypi",
                "url": "https://pypi.org/simple",
                "verify_ssl": true
            }
        ]
    },
    "default": {
        "build": {
            "hashes": [
                "sha256:526263f4870c26f26c433545579475377b2b7588b6f1eac76a001e873ae3e19d",
                "sha256:75e10f767a433d9a86e50d83f418e83efc18ede923ee5ff7df93b6cb0306c5d4"
            ],
            "index": "pypi",
            "markers": "python_version >= '3.8'",
            "version": "==1.2.1"
        },
        "iniconfig": {
            "hashes": [
                "sha256:2d91e135bf72d31a410b17c16da610a82cb55f6b0477d1a902134b24a455b8b3",
                "sha256:b6a85871a79d2e3b22d2d1b94ac2824226a63c6b741c88f7ae975f18b6778374"
            ],
            "markers": "python_version >= '3.7'",
            "version": "==2.0.0"
        },
        "packaging": {
            "hashes": [
                "sha256:026ed72c8ed3fcce5bf8950572258698927fd1dbda10a5e981cdf0ac37f4f002",
                "sha256:5b8f2217dbdbd2f7f384c41c628544e6d52f2d0f53c6d0c3ea61aa5d1d7ff124"
            ],
            "markers": "python_version >= '3.8'",
            "version": "==24.1"
        },
        "pluggy": {
            "hashes": [
                "sha256:2cffa88e94fdc978c4c574f15f9e59b7f4201d439195c3715ca9e2486f1d0cf1",
                "sha256:44e1ad92c8ca002de6377e165f3e0f1be63266ab4d554740532335b9d75ea669"
            ],
            "markers": "python_version >= '3.8'",
            "version": "==1.5.0"
        },
        "pyproject-hooks": {
            "hashes": [
                "sha256:4b37730834edbd6bd37f26ece6b44802fb1c1ee2ece0e54ddff8bfc06db86965",
                "sha256:7ceeefe9aec63a1064c18d939bdc3adf2d8aa1988a510afec15151578b232aa2"
            ],
            "markers": "python_version >= '3.7'",
            "version": "==1.1.0"
        },
        "pytest": {
            "hashes": [
                "sha256:c434598117762e2bd304e526244f67bf66bbd7b5d6cf22138be51ff661980343",
                "sha256:de4bb8104e201939ccdc688b27a89a7be2079b22e2bd2b07f806b6ba71117977"
            ],
            "index": "pypi",
            "markers": "python_version >= '3.8'",
            "version": "==8.2.2"
        },
        "uuid6": {
            "hashes": [
                "sha256:8150093c8d05a331bc0535bc5ef6cf57ac6eceb2404fd319bc10caee2e02c065",
                "sha256:ed0afb3a973057575f9883201baefe402787ca5e11e1d24e377190f0c43f1993"
            ],
            "index": "pypi",
            "markers": "python_version >= '3.8'",
            "version": "==2024.1.12"
        }
    },
    "develop": {}
}
